
Microsoft Visual Studio Solution File, Format Version 12.00
# Visual Studio 2013
VisualStudioVersion = 12.0.40629.0
MinimumVisualStudioVersion = 10.0.40219.1
Project("{E24C65DC-7377-472B-9ABA-BC803B73C61A}") = "ThreeModelViewer", "http://localhost:3809", "{D0BDDEE0-B88D-411A-9B95-3DC75726B4AE}"
	ProjectSection(WebsiteProperties) = preProject
		UseIISExpress = "true"
		TargetFrameworkMoniker = ".NETFramework,Version%3Dv4.0"
		Debug.AspNetCompiler.VirtualPath = "/localhost_3809"
		Debug.AspNetCompiler.PhysicalPath = "..\ThreeModelViewer\"
		Debug.AspNetCompiler.TargetPath = "PrecompiledWeb\localhost_3809\"
		Debug.AspNetCompiler.Updateable = "true"
		Debug.AspNetCompiler.ForceOverwrite = "true"
		Debug.AspNetCompiler.FixedNames = "false"
		Debug.AspNetCompiler.Debug = "True"
		Release.AspNetCompiler.VirtualPath = "/localhost_3809"
		Release.AspNetCompiler.PhysicalPath = "..\ThreeModelViewer\"
		Release.AspNetCompiler.TargetPath = "PrecompiledWeb\localhost_3809\"
		Release.AspNetCompiler.Updateable = "true"
		Release.AspNetCompiler.ForceOverwrite = "true"
		Release.AspNetCompiler.FixedNames = "false"
		Release.AspNetCompiler.Debug = "False"
		SlnRelativePath = "..\ThreeModelViewer\"
	EndProjectSection
EndProject
Global
	GlobalSection(SolutionConfigurationPlatforms) = preSolution
		Debug|Any CPU = Debug|Any CPU
	EndGlobalSection
	GlobalSection(ProjectConfigurationPlatforms) = postSolution
		{D0BDDEE0-B88D-411A-9B95-3DC75726B4AE}.Debug|Any CPU.ActiveCfg = Debug|Any CPU
		{D0BDDEE0-B88D-411A-9B95-3DC75726B4AE}.Debug|Any CPU.Build.0 = Debug|Any CPU
	EndGlobalSection
	GlobalSection(SolutionProperties) = preSolution
		HideSolutionNode = FALSE
	EndGlobalSection
EndGlobal
